// !$*UTF8*$!
{
	archiveVersion = 1;
	classes = {
	};
	objectVersion = 46;
	objects = {

/* Begin PBXBuildFile section */
		D984EC6A1F43DFC400B57B51 /* BullsEye.html in Resources */ = {isa = PBXBuildFile; fileRef = D984EC691F43DFC400B57B51 /* BullsEye.html */; };
		D984EC6C1F43FB5A00B57B51 /* Default-568h@2x.png in Resources */ = {isa = PBXBuildFile; fileRef = D984EC6B1F43FB5A00B57B51 /* Default-568h@2x.png */; };
		D99318B41F3EE10800A4049B /* AppDelegate.swift in Sources */ = {isa = PBXBuildFile; fileRef = D99318B31F3EE10800A4049B /* AppDelegate.swift */; };
		D99318B61F3EE10800A4049B /* ViewController.swift in Sources */ = {isa = PBXBuildFile; fileRef = D99318B51F3EE10800A4049B /* ViewController.swift */; };
		D99318B91F3EE10800A4049B /* Main.storyboard in Resources */ = {isa = PBXBuildFile; fileRef = D99318B71F3EE10800A4049B /* Main.storyboard */; };
		D99318BB1F3EE10800A4049B /* Assets.xcassets in Resources */ = {isa = PBXBuildFile; fileRef = D99318BA1F3EE10800A4049B /* Assets.xcassets */; };
		D9951B611F3F636900E77AD2 /* AboutViewController.swift in Sources */ = {isa = PBXBuildFile; fileRef = D9951B601F3F636900E77AD2 /* AboutViewController.swift */; };
/* End PBXBuildFile section */

/* Begin PBXFileReference section */
		D984EC691F43DFC400B57B51 /* BullsEye.html */ = {isa = PBXFileReference; fileEncoding = 4; lastKnownFileType = text.html; path = BullsEye.html; sourceTree = "<group>"; };
		D984EC6B1F43FB5A00B57B51 /* Default-568h@2x.png */ = {isa = PBXFileReference; lastKnownFileType = image.png; path = "Default-568h@2x.png"; sourceTree = "<group>"; };
		D99318B01F3EE10800A4049B /* Bullseyes.app */ = {isa = PBXFileReference; explicitFileType = wrapper.application; includeInIndex = 0; path = Bullseyes.app; sourceTree = BUILT_PRODUCTS_DIR; };
		D99318B31F3EE10800A4049B /* AppDelegate.swift */ = {isa = PBXFileReference; lastKnownFileType = sourcecode.swift; path = AppDelegate.swift; sourceTree = "<group>"; };
		D99318B51F3EE10800A4049B /* ViewController.swift */ = {isa = PBXFileReference; lastKnownFileType = sourcecode.swift; path = ViewController.swift; sourceTree = "<group>"; };
		D99318B81F3EE10800A4049B /* Base */ = {isa = PBXFileReference; lastKnownFileType = file.storyboard; name = Base; path = Base.lproj/Main.storyboard; sourceTree = "<group>"; };
		D99318BA1F3EE10800A4049B /* Assets.xcassets */ = {isa = PBXFileReference; lastKnownFileType = folder.assetcatalog; path = Assets.xcassets; sourceTree = "<group>"; };
		D99318BF1F3EE10800A4049B /* Info.plist */ = {isa = PBXFileReference; lastKnownFileType = text.plist.xml; path = Info.plist; sourceTree = "<group>"; };
		D9951B601F3F636900E77AD2 /* AboutViewController.swift */ = {isa = PBXFileReference; fileEncoding = 4; lastKnownFileType = sourcecode.swift; path = AboutViewController.swift; sourceTree = "<group>"; };
/* End PBXFileReference section */

/* Begin PBXFrameworksBuildPhase section */
		D99318AD1F3EE10800A4049B /* Frameworks */ = {
			isa = PBXFrameworksBuildPhase;
			buildActionMask = 2147483647;
			files = (
			);
			runOnlyForDeploymentPostprocessing = 0;
		};
/* End PBXFrameworksBuildPhase section */

/* Begin PBXGroup section */
		D99318A71F3EE10800A4049B = {
			isa = PBXGroup;
			children = (
				D99318B21F3EE10800A4049B /* Bullseyes */,
				D99318B11F3EE10800A4049B /* Products */,
			);
			sourceTree = "<group>";
		};
		D99318B11F3EE10800A4049B /* Products */ = {
			isa = PBXGroup;
			children = (
				D99318B01F3EE10800A4049B /* Bullseyes.app */,
			);
			name = Products;
			sourceTree = "<group>";
		};
		D99318B21F3EE10800A4049B /* Bullseyes */ = {
			isa = PBXGroup;
			children = (
				D984EC6B1F43FB5A00B57B51 /* Default-568h@2x.png */,
				D984EC691F43DFC400B57B51 /* BullsEye.html */,
				D99318B31F3EE10800A4049B /* AppDelegate.swift */,
				D99318B51F3EE10800A4049B /* ViewController.swift */,
				D99318B71F3EE10800A4049B /* Main.storyboard */,
				D99318BA1F3EE10800A4049B /* Assets.xcassets */,
				D99318BF1F3EE10800A4049B /* Info.plist */,
				D9951B601F3F636900E77AD2 /* AboutViewController.swift */,
			);
			path = Bullseyes;
			sourceTree = "<group>";
		};
/* End PBXGroup section */

/* Begin PBXNativeTarget section */
		D99318AF1F3EE10800A4049B /* Bullseyes */ = {
			isa = PBXNativeTarget;
			buildConfigurationList = D99318C21F3EE10800A4049B /* Build configuration list for PBXNativeTarget "Bullseyes" */;
			buildPhases = (
				D99318AC1F3EE10800A4049B /* Sources */,
				D99318AD1F3EE10800A4049B /* Frameworks */,
				D99318AE1F3EE10800A4049B /* Resources */,
			);
			buildRules = (
			);
			dependencies = (
			);
			name = Bullseyes;
			productName = Bullseyes;
			productReference = D99318B01F3EE10800A4049B /* Bullseyes.app */;
			productType = "com.apple.product-type.application";
		};
/* End PBXNativeTarget section */

/* Begin PBXProject section */
		D99318A81F3EE10800A4049B /* Project object */ = {
			isa = PBXProject;
			attributes = {
				LastSwiftUpdateCheck = 0820;
				LastUpgradeCheck = 0820;
				ORGANIZATIONNAME = "薛鹏";
				TargetAttributes = {
					D99318AF1F3EE10800A4049B = {
						CreatedOnToolsVersion = 8.2.1;
						ProvisioningStyle = Automatic;
					};
				};
			};
			buildConfigurationList = D99318AB1F3EE10800A4049B /* Build configuration list for PBXProject "Bullseyes" */;
			compatibilityVersion = "Xcode 3.2";
			developmentRegion = English;
			hasScannedForEncodings = 0;
			knownRegions = (
				en,
				Base,
			);
			mainGroup = D99318A71F3EE10800A4049B;
			productRefGroup = D99318B11F3EE10800A4049B /* Products */;
			projectDirPath = "";
			projectRoot = "";
			targets = (
				D99318AF1F3EE10800A4049B /* Bullseyes */,
			);
		};
/* End PBXProject section */

/* Begin PBXResourcesBuildPhase section */
		D99318AE1F3EE10800A4049B /* Resources */ = {
			isa = PBXResourcesBuildPhase;
			buildActionMask = 2147483647;
			files = (
				D984EC6A1F43DFC400B57B51 /* BullsEye.html in Resources */,
				D984EC6C1F43FB5A00B57B51 /* Default-568h@2x.png in Resources */,
				D99318BB1F3EE10800A4049B /* Assets.xcassets in Resources */,
				D99318B91F3EE10800A4049B /* Main.storyboard in Resources */,
			);
			runOnlyForDeploymentPostprocessing = 0;
		};
/* End PBXResourcesBuildPhase section */

/* Begin PBXSourcesBuildPhase section */
		D99318AC1F3EE10800A4049B /* Sources */ = {
			isa = PBXSourcesBuildPhase;
			buildActionMask = 2147483647;
			files = (
				D9951B611F3F636900E77AD2 /* AboutViewController.swift in Sources */,
				D99318B61F3EE10800A4049B /* ViewController.swift in Sources */,
				D99318B41F3EE10800A4049B /* AppDelegate.swift in Sources */,
			);
			runOnlyForDeploymentPostprocessing = 0;
		};
/* End PBXSourcesBuildPhase section */

/* Begin PBXVariantGroup section */
		D99318B71F3EE10800A4049B /* Main.storyboard */ = {
			isa = PBXVariantGroup;
			children = (
				D99318B81F3EE10800A4049B /* Base */,
			);
			name = Main.storyboard;
			sourceTree = "<group>";
		};
/* End PBXVariantGroup section */

/* Begin XCBuildConfiguration section */
		D99318C01F3EE10800A4049B /* Debug */ = {
			isa = XCBuildConfiguration;
			buildSettings = {
				ALWAYS_SEARCH_USER_PATHS = NO;
				CLANG_ANALYZER_NONNULL = YES;
				CLANG_CXX_LANGUAGE_STANDARD = "gnu++0x";
				CLANG_CXX_LIBRARY = "libc++";
				CLANG_ENABLE_MODULES = YES;
				CLANG_ENABLE_OBJC_ARC = YES;
				CLANG_WARN_BOOL_CONVERSION = YES;
				CLANG_WARN_CONSTANT_CONVERSION = YES;
				CLANG_WARN_DIRECT_OBJC_ISA_USAGE = YES_ERROR;
				CLANG_WARN_DOCUMENTATION_COMMENTS = YES;
				CLANG_WARN_EMPTY_BODY = YES;
				CLANG_WARN_ENUM_CONVERSION = YES;
				CLANG_WARN_INFINITE_RECURSION = YES;
				CLANG_WARN_INT_CONVERSION = YES;
				CLANG_WARN_OBJC_ROOT_CLASS = YES_ERROR;
				CLANG_WARN_SUSPICIOUS_MOVE = YES;
				CLANG_WARN_UNREACHABLE_CODE = YES;
				CLANG_WARN__DUPLICATE_METHOD_MATCH = YES;
				"CODE_SIGN_IDENTITY[sdk=iphoneos*]" = "iPhone Developer";
				COPY_PHASE_STRIP = NO;
				DEBUG_INFORMATION_FORMAT = dwarf;
				ENABLE_STRICT_OBJC_MSGSEND = YES;
				ENABLE_TESTABILITY = YES;
				GCC_C_LANGUAGE_STANDARD = gnu99;
				GCC_DYNAMIC_NO_PIC = NO;
				GCC_NO_COMMON_BLOCKS = YES;
				GCC_OPTIMIZATION_LEVEL = 0;
				GCC_PREPROCESSOR_DEFINITIONS = (
					"DEBUG=1",
					"$(inherited)",
				);
				GCC_WARN_64_TO_32_BIT_CONVERSION = YES;
				GCC_WARN_ABOUT_RETURN_TYPE = YES_ERROR;
				GCC_WARN_UNDECLARED_SELECTOR = YES;
				GCC_WARN_UNINITIALIZED_AUTOS = YES_AGGRESSIVE;
				GCC_WARN_UNUSED_FUNCTION = YES;
				GCC_WARN_UNUSED_VARIABLE = YES;
				IPHONEOS_DEPLOYMENT_TARGET = 10.2;
				MTL_ENABLE_DEBUG_INFO = YES;
				ONLY_ACTIVE_ARCH = YES;
				SDKROOT = iphoneos;
				SWIFT_ACTIVE_COMPILATION_CONDITIONS = DEBUG;
				SWIFT_OPTIMIZATION_LEVEL = "-Onone";
			};
			name = Debug;
		};
		D99318C11F3EE10800A4049B /* Release */ = {
			isa = XCBuildConfiguration;
			buildSettings = {
				ALWAYS_SEARCH_USER_PATHS = NO;
				CLANG_ANALYZER_NONNULL = YES;
				CLANG_CXX_LANGUAGE_STANDARD = "gnu++0x";
				CLANG_CXX_LIBRARY = "libc++";
				CLANG_ENABLE_MODULES = YES;
				CLANG_ENABLE_OBJC_ARC = YES;
				CLANG_WARN_BOOL_CONVERSION = YES;
				CLANG_WARN_CONSTANT_CONVERSION = YES;
				CLANG_WARN_DIRECT_OBJC_ISA_USAGE = YES_ERROR;
				CLANG_WARN_DOCUMENTATION_COMMENTS = YES;
				CLANG_WARN_EMPTY_BODY = YES;
				CLANG_WARN_ENUM_CONVERSION = YES;
				CLANG_WARN_INFINITE_RECURSION = YES;
				CLANG_WARN_INT_CONVERSION = YES;
				CLANG_WARN_OBJC_ROOT_CLASS = YES_ERROR;
				CLANG_WARN_SUSPICIOUS_MOVE = YES;
				CLANG_WARN_UNREACHABLE_CODE = YES;
				CLANG_WARN__DUPLICATE_METHOD_MATCH = YES;
				"CODE_SIGN_IDENTITY[sdk=iphoneos*]" = "iPhone Developer";
				COPY_PHASE_STRIP = NO;
				DEBUG_INFORMATION_FORMAT = "dwarf-with-dsym";
				ENABLE_NS_ASSERTIONS = NO;
				ENABLE_STRICT_OBJC_MSGSEND = YES;
				GCC_C_LANGUAGE_STANDARD = gnu99;
				GCC_NO_COMMON_BLOCKS = YES;
				GCC_WARN_64_TO_32_BIT_CONVERSION = YES;
				GCC_WARN_ABOUT_RETURN_TYPE = YES_ERROR;
				GCC_WARN_UNDECLARED_SELECTOR = YES;
				GCC_WARN_UNINITIALIZED_AUTOS = YES_AGGRESSIVE;
				GCC_WARN_UNUSED_FUNCTION = YES;
				GCC_WARN_UNUSED_VARIABLE = YES;
				IPHONEOS_DEPLOYMENT_TARGET = 10.2;
				MTL_ENABLE_DEBUG_INFO = NO;
				SDKROOT = iphoneos;
				SWIFT_OPTIMIZATION_LEVEL = "-Owholemodule";
				VALIDATE_PRODUCT = YES;
			};
			name = Release;
		};
		D99318C31F3EE10800A4049B /* Debug */ = {
			isa = XCBuildConfiguration;
			buildSettings = {
				ASSETCATALOG_COMPILER_APPICON_NAME = AppIcon;
				INFOPLIST_FILE = Bullseyes/Info.plist;
				LD_RUNPATH_SEARCH_PATHS = "$(inherited) @executable_path/Frameworks";
				PRODUCT_BUNDLE_IDENTIFIER = xuepeng.Bullseyes;
				PRODUCT_NAME = "$(TARGET_NAME)";
				SWIFT_VERSION = 3.0;
			};
			name = Debug;
		};
		D99318C41F3EE10800A4049B /* Release */ = {
			isa = XCBuildConfiguration;
			buildSettings = {
				ASSETCATALOG_COMPILER_APPICON_NAME = AppIcon;
				INFOPLIST_FILE = Bullseyes/Info.plist;
				LD_RUNPATH_SEARCH_PATHS = "$(inherited) @executable_path/Frameworks";
				PRODUCT_BUNDLE_IDENTIFIER = xuepeng.Bullseyes;
				PRODUCT_NAME = "$(TARGET_NAME)";
				SWIFT_VERSION = 3.0;
			};
			name = Release;
		};
/* End XCBuildConfiguration section */

/* Begin XCConfigurationList section */
		D99318AB1F3EE10800A4049B /* Build configuration list for PBXProject "Bullseyes" */ = {
			isa = XCConfigurationList;
			buildConfigurations = (
				D99318C01F3EE10800A4049B /* Debug */,
				D99318C11F3EE10800A4049B /* Release */,
			);
			defaultConfigurationIsVisible = 0;
			defaultConfigurationName = Release;
		};
		D99318C21F3EE10800A4049B /* Build configuration list for PBXNativeTarget "Bullseyes" */ = {
			isa = XCConfigurationList;
			buildConfigurations = (
				D99318C31F3EE10800A4049B /* Debug */,
				D99318C41F3EE10800A4049B /* Release */,
			);
			defaultConfigurationIsVisible = 0;
			defaultConfigurationName = Release;
		};
/* End XCConfigurationList section */
	};
	rootObject = D99318A81F3EE10800A4049B /* Project object */;
}
